// !$*UTF8*$!
{
	archiveVersion = 1;
	classes = {
	};
	objectVersion = 77;
	objects = {

/* Begin PBXBuildFile section */
		0A959BFD2ED3FDDF0088DC23 /* discarWatch Watch App.app in Embed Watch Content */ = {isa = PBXBuildFile; fileRef = 0A959BDD2ED3FDDE0088DC23 /* discarWatch Watch App.app */; settings = {ATTRIBUTES = (RemoveHeadersOnCopy, ); }; };
/* End PBXBuildFile section */

/* Begin PBXContainerItemProxy section */
		0A959BEA2ED3FDDF0088DC23 /* PBXContainerItemProxy */ = {
			isa = PBXContainerItemProxy;
			containerPortal = 0AF0D0932ECBFBDF00E1DF21 /* Project object */;
			proxyType = 1;
			remoteGlobalIDString = 0A959BDC2ED3FDDE0088DC23;
			remoteInfo = "discarWatch Watch App";
		};
		0A959BF42ED3FDDF0088DC23 /* PBXContainerItemProxy */ = {
			isa = PBXContainerItemProxy;
			containerPortal = 0AF0D0932ECBFBDF00E1DF21 /* Project object */;
			proxyType = 1;
			remoteGlobalIDString = 0A959BDC2ED3FDDE0088DC23;
			remoteInfo = "discarWatch Watch App";
		};
		0A959BFB2ED3FDDF0088DC23 /* PBXContainerItemProxy */ = {
			isa = PBXContainerItemProxy;
			containerPortal = 0AF0D0932ECBFBDF00E1DF21 /* Project object */;
			proxyType = 1;
			remoteGlobalIDString = 0A959BDC2ED3FDDE0088DC23;
			remoteInfo = "discarWatch Watch App";
		};
		0AF0D0A92ECBFBDF00E1DF21 /* PBXContainerItemProxy */ = {
			isa = PBXContainerItemProxy;
			containerPortal = 0AF0D0932ECBFBDF00E1DF21 /* Project object */;
			proxyType = 1;
			remoteGlobalIDString = 0AF0D09A2ECBFBDF00E1DF21;
			remoteInfo = discar;
		};
		0AF0D0B32ECBFBDF00E1DF21 /* PBXContainerItemProxy */ = {
			isa = PBXContainerItemProxy;
			containerPortal = 0AF0D0932ECBFBDF00E1DF21 /* Project object */;
			proxyType = 1;
			remoteGlobalIDString = 0AF0D09A2ECBFBDF00E1DF21;
			remoteInfo = discar;
		};
/* End PBXContainerItemProxy section */

/* Begin PBXCopyFilesBuildPhase section */
		0A959BFE2ED3FDDF0088DC23 /* Embed Watch Content */ = {
			isa = PBXCopyFilesBuildPhase;
			buildActionMask = 2147483647;
			dstPath = "$(CONTENTS_FOLDER_PATH)/Watch";
			dstSubfolderSpec = 16;
			files = (
				0A959BFD2ED3FDDF0088DC23 /* discarWatch Watch App.app in Embed Watch Content */,
			);
			name = "Embed Watch Content";
			runOnlyForDeploymentPostprocessing = 0;
		};
/* End PBXCopyFilesBuildPhase section */

/* Begin PBXFileReference section */
		0A959BDD2ED3FDDE0088DC23 /* discarWatch Watch App.app */ = {isa = PBXFileReference; explicitFileType = wrapper.application; includeInIndex = 0; path = "discarWatch Watch App.app"; sourceTree = BUILT_PRODUCTS_DIR; };
		0A959BE92ED3FDDF0088DC23 /* discarWatch Watch AppTests.xctest */ = {isa = PBXFileReference; explicitFileType = wrapper.cfbundle; includeInIndex = 0; path = "discarWatch Watch AppTests.xctest"; sourceTree = BUILT_PRODUCTS_DIR; };
		0A959BF32ED3FDDF0088DC23 /* discarWatch Watch AppUITests.xctest */ = {isa = PBXFileReference; explicitFileType = wrapper.cfbundle; includeInIndex = 0; path = "discarWatch Watch AppUITests.xctest"; sourceTree = BUILT_PRODUCTS_DIR; };
		0AF0D09B2ECBFBDF00E1DF21 /* discar.app */ = {isa = PBXFileReference; explicitFileType = wrapper.application; includeInIndex = 0; path = discar.app; sourceTree = BUILT_PRODUCTS_DIR; };
		0AF0D0A82ECBFBDF00E1DF21 /* discarTests.xctest */ = {isa = PBXFileReference; explicitFileType = wrapper.cfbundle; includeInIndex = 0; path = discarTests.xctest; sourceTree = BUILT_PRODUCTS_DIR; };
		0AF0D0B22ECBFBDF00E1DF21 /* discarUITests.xctest */ = {isa = PBXFileReference; explicitFileType = wrapper.cfbundle; includeInIndex = 0; path = discarUITests.xctest; sourceTree = BUILT_PRODUCTS_DIR; };
/* End PBXFileReference section */

/* Begin PBXFileSystemSynchronizedBuildFileExceptionSet section */
		0A3B60022EFB2B60009CB56B /* Exceptions for "discar" folder in "discar" target */ = {
			isa = PBXFileSystemSynchronizedBuildFileExceptionSet;
			membershipExceptions = (
				Info.plist,
			);
			target = 0AF0D09A2ECBFBDF00E1DF21 /* discar */;
		};
/* End PBXFileSystemSynchronizedBuildFileExceptionSet section */

/* Begin PBXFileSystemSynchronizedRootGroup section */
		0A959BDE2ED3FDDE0088DC23 /* discarWatch Watch App */ = {
			isa = PBXFileSystemSynchronizedRootGroup;
			path = "discarWatch Watch App";
			sourceTree = "<group>";
		};
		0A959BEC2ED3FDDF0088DC23 /* discarWatch Watch AppTests */ = {
			isa = PBXFileSystemSynchronizedRootGroup;
			path = "discarWatch Watch AppTests";
			sourceTree = "<group>";
		};
		0A959BF62ED3FDDF0088DC23 /* discarWatch Watch AppUITests */ = {
			isa = PBXFileSystemSynchronizedRootGroup;
			path = "discarWatch Watch AppUITests";
			sourceTree = "<group>";
		};
		0AF0D09D2ECBFBDF00E1DF21 /* discar */ = {
			isa = PBXFileSystemSynchronizedRootGroup;
			exceptions = (
				0A3B60022EFB2B60009CB56B /* Exceptions for "discar" folder in "discar" target */,
			);
			path = discar;
			sourceTree = "<group>";
		};
		0AF0D0AB2ECBFBDF00E1DF21 /* discarTests */ = {
			isa = PBXFileSystemSynchronizedRootGroup;
			path = discarTests;
			sourceTree = "<group>";
		};
		0AF0D0B52ECBFBDF00E1DF21 /* discarUITests */ = {
			isa = PBXFileSystemSynchronizedRootGroup;
			path = discarUITests;
			sourceTree = "<group>";
		};
/* End PBXFileSystemSynchronizedRootGroup section */

/* Begin PBXFrameworksBuildPhase section */
		0A959BDA2ED3FDDE0088DC23 /* Frameworks */ = {
			isa = PBXFrameworksBuildPhase;
			buildActionMask = 2147483647;
			files = (
			);
			runOnlyForDeploymentPostprocessing = 0;
		};
		0A959BE62ED3FDDF0088DC23 /* Frameworks */ = {
			isa = PBXFrameworksBuildPhase;
			buildActionMask = 2147483647;
			files = (
			);
			runOnlyForDeploymentPostprocessing = 0;
		};
		0A959BF02ED3FDDF0088DC23 /* Frameworks */ = {
			isa = PBXFrameworksBuildPhase;
			buildActionMask = 2147483647;
			files = (
			);
			runOnlyForDeploymentPostprocessing = 0;
		};
		0AF0D0982ECBFBDF00E1DF21 /* Frameworks */ = {
			isa = PBXFrameworksBuildPhase;
			buildActionMask = 2147483647;
			files = (
			);
			runOnlyForDeploymentPostprocessing = 0;
		};
		0AF0D0A52ECBFBDF00E1DF21 /* Frameworks */ = {
			isa = PBXFrameworksBuildPhase;
			buildActionMask = 2147483647;
			files = (
			);
			runOnlyForDeploymentPostprocessing = 0;
		};
		0AF0D0AF2ECBFBDF00E1DF21 /* Frameworks */ = {
			isa = PBXFrameworksBuildPhase;
			buildActionMask = 2147483647;
			files = (
			);
			runOnlyForDeploymentPostprocessing = 0;
		};
/* End PBXFrameworksBuildPhase section */

/* Begin PBXGroup section */
		0AF0D0922ECBFBDF00E1DF21 = {
			isa = PBXGroup;
			children = (
				0AF0D09D2ECBFBDF00E1DF21 /* discar */,
				0AF0D0AB2ECBFBDF00E1DF21 /* discarTests */,
				0AF0D0B52ECBFBDF00E1DF21 /* discarUITests */,
				0A959BDE2ED3FDDE0088DC23 /* discarWatch Watch App */,
				0A959BEC2ED3FDDF0088DC23 /* discarWatch Watch AppTests */,
				0A959BF62ED3FDDF0088DC23 /* discarWatch Watch AppUITests */,
				0AF0D09C2ECBFBDF00E1DF21 /* Products */,
			);
			sourceTree = "<group>";
		};
		0AF0D09C2ECBFBDF00E1DF21 /* Products */ = {
			isa = PBXGroup;
			children = (
				0AF0D09B2ECBFBDF00E1DF21 /* discar.app */,
				0AF0D0A82ECBFBDF00E1DF21 /* discarTests.xctest */,
				0AF0D0B22ECBFBDF00E1DF21 /* discarUITests.xctest */,
				0A959BDD2ED3FDDE0088DC23 /* discarWatch Watch App.app */,
				0A959BE92ED3FDDF0088DC23 /* discarWatch Watch AppTests.xctest */,
				0A959BF32ED3FDDF0088DC23 /* discarWatch Watch AppUITests.xctest */,
			);
			name = Products;
			sourceTree = "<group>";
		};
/* End PBXGroup section */

/* Begin PBXNativeTarget section */
		0A959BDC2ED3FDDE0088DC23 /* discarWatch Watch App */ = {
			isa = PBXNativeTarget;
			buildConfigurationList = 0A959C052ED3FDDF0088DC23 /* Build configuration list for PBXNativeTarget "discarWatch Watch App" */;
			buildPhases = (
				0A959BD92ED3FDDE0088DC23 /* Sources */,
				0A959BDA2ED3FDDE0088DC23 /* Frameworks */,
				0A959BDB2ED3FDDE0088DC23 /* Resources */,
			);
			buildRules = (
			);
			dependencies = (
			);
			fileSystemSynchronizedGroups = (
				0A959BDE2ED3FDDE0088DC23 /* discarWatch Watch App */,
			);
			name = "discarWatch Watch App";
			packageProductDependencies = (
			);
			productName = "discarWatch Watch App";
			productReference = 0A959BDD2ED3FDDE0088DC23 /* discarWatch Watch App.app */;
			productType = "com.apple.product-type.application";
		};
		0A959BE82ED3FDDF0088DC23 /* discarWatch Watch AppTests */ = {
			isa = PBXNativeTarget;
			buildConfigurationList = 0A959C062ED3FDDF0088DC23 /* Build configuration list for PBXNativeTarget "discarWatch Watch AppTests" */;
			buildPhases = (
				0A959BE52ED3FDDF0088DC23 /* Sources */,
				0A959BE62ED3FDDF0088DC23 /* Frameworks */,
				0A959BE72ED3FDDF0088DC23 /* Resources */,
			);
			buildRules = (
			);
			dependencies = (
				0A959BEB2ED3FDDF0088DC23 /* PBXTargetDependency */,
			);
			fileSystemSynchronizedGroups = (
				0A959BEC2ED3FDDF0088DC23 /* discarWatch Watch AppTests */,
			);
			name = "discarWatch Watch AppTests";
			packageProductDependencies = (
			);
			productName = "discarWatch Watch AppTests";
			productReference = 0A959BE92ED3FDDF0088DC23 /* discarWatch Watch AppTests.xctest */;
			productType = "com.apple.product-type.bundle.unit-test";
		};
		0A959BF22ED3FDDF0088DC23 /* discarWatch Watch AppUITests */ = {
			isa = PBXNativeTarget;
			buildConfigurationList = 0A959C072ED3FDDF0088DC23 /* Build configuration list for PBXNativeTarget "discarWatch Watch AppUITests" */;
			buildPhases = (
				0A959BEF2ED3FDDF0088DC23 /* Sources */,
				0A959BF02ED3FDDF0088DC23 /* Frameworks */,
				0A959BF12ED3FDDF0088DC23 /* Resources */,
			);
			buildRules = (
			);
			dependencies = (
				0A959BF52ED3FDDF0088DC23 /* PBXTargetDependency */,
			);
			fileSystemSynchronizedGroups = (
				0A959BF62ED3FDDF0088DC23 /* discarWatch Watch AppUITests */,
			);
			name = "discarWatch Watch AppUITests";
			packageProductDependencies = (
			);
			productName = "discarWatch Watch AppUITests";
			productReference = 0A959BF32ED3FDDF0088DC23 /* discarWatch Watch AppUITests.xctest */;
			productType = "com.apple.product-type.bundle.ui-testing";
		};
		0AF0D09A2ECBFBDF00E1DF21 /* discar */ = {
			isa = PBXNativeTarget;
			buildConfigurationList = 0AF0D0BC2ECBFBDF00E1DF21 /* Build configuration list for PBXNativeTarget "discar" */;
			buildPhases = (
				0AF0D0972ECBFBDF00E1DF21 /* Sources */,
				0AF0D0982ECBFBDF00E1DF21 /* Frameworks */,
				0AF0D0992ECBFBDF00E1DF21 /* Resources */,
				0A959BFE2ED3FDDF0088DC23 /* Embed Watch Content */,
			);
			buildRules = (
			);
			dependencies = (
				0A959BFC2ED3FDDF0088DC23 /* PBXTargetDependency */,
			);
			fileSystemSynchronizedGroups = (
				0AF0D09D2ECBFBDF00E1DF21 /* discar */,
			);
			name = discar;
			packageProductDependencies = (
			);
			productName = discar;
			productReference = 0AF0D09B2ECBFBDF00E1DF21 /* discar.app */;
			productType = "com.apple.product-type.application";
		};
		0AF0D0A72ECBFBDF00E1DF21 /* discarTests */ = {
			isa = PBXNativeTarget;
			buildConfigurationList = 0AF0D0BF2ECBFBDF00E1DF21 /* Build configuration list for PBXNativeTarget "discarTests" */;
			buildPhases = (
				0AF0D0A42ECBFBDF00E1DF21 /* Sources */,
				0AF0D0A52ECBFBDF00E1DF21 /* Frameworks */,
				0AF0D0A62ECBFBDF00E1DF21 /* Resources */,
			);
			buildRules = (
			);
			dependencies = (
				0AF0D0AA2ECBFBDF00E1DF21 /* PBXTargetDependency */,
			);
			fileSystemSynchronizedGroups = (
				0AF0D0AB2ECBFBDF00E1DF21 /* discarTests */,
			);
			name = discarTests;
			packageProductDependencies = (
			);
			productName = discarTests;
			productReference = 0AF0D0A82ECBFBDF00E1DF21 /* discarTests.xctest */;
			productType = "com.apple.product-type.bundle.unit-test";
		};
		0AF0D0B12ECBFBDF00E1DF21 /* discarUITests */ = {
			isa = PBXNativeTarget;
			buildConfigurationList = 0AF0D0C22ECBFBDF00E1DF21 /* Build configuration list for PBXNativeTarget "discarUITests" */;
			buildPhases = (
				0AF0D0AE2ECBFBDF00E1DF21 /* Sources */,
				0AF0D0AF2ECBFBDF00E1DF21 /* Frameworks */,
				0AF0D0B02ECBFBDF00E1DF21 /* Resources */,
			);
			buildRules = (
			);
			dependencies = (
				0AF0D0B42ECBFBDF00E1DF21 /* PBXTargetDependency */,
			);
			fileSystemSynchronizedGroups = (
				0AF0D0B52ECBFBDF00E1DF21 /* discarUITests */,
			);
			name = discarUITests;
			packageProductDependencies = (
			);
			productName = discarUITests;
			productReference = 0AF0D0B22ECBFBDF00E1DF21 /* discarUITests.xctest */;
			productType = "com.apple.product-type.bundle.ui-testing";
		};
/* End PBXNativeTarget section */

/* Begin PBXProject section */
		0AF0D0932ECBFBDF00E1DF21 /* Project object */ = {
			isa = PBXProject;
			attributes = {
				BuildIndependentTargetsInParallel = 1;
				LastSwiftUpdateCheck = 2600;
				LastUpgradeCheck = 2600;
				TargetAttributes = {
					0A959BDC2ED3FDDE0088DC23 = {
						CreatedOnToolsVersion = 26.0.1;
					};
					0A959BE82ED3FDDF0088DC23 = {
						CreatedOnToolsVersion = 26.0.1;
						TestTargetID = 0A959BDC2ED3FDDE0088DC23;
					};
					0A959BF22ED3FDDF0088DC23 = {
						CreatedOnToolsVersion = 26.0.1;
						TestTargetID = 0A959BDC2ED3FDDE0088DC23;
					};
					0AF0D09A2ECBFBDF00E1DF21 = {
						CreatedOnToolsVersion = 26.0.1;
					};
					0AF0D0A72ECBFBDF00E1DF21 = {
						CreatedOnToolsVersion = 26.0.1;
						TestTargetID = 0AF0D09A2ECBFBDF00E1DF21;
					};
					0AF0D0B12ECBFBDF00E1DF21 = {
						CreatedOnToolsVersion = 26.0.1;
						TestTargetID = 0AF0D09A2ECBFBDF00E1DF21;
					};
				};
			};
			buildConfigurationList = 0AF0D0962ECBFBDF00E1DF21 /* Build configuration list for PBXProject "discar" */;
			developmentRegion = en;
			hasScannedForEncodings = 0;
			knownRegions = (
				en,
				Base,
			);
			mainGroup = 0AF0D0922ECBFBDF00E1DF21;
			minimizedProjectReferenceProxies = 1;
			preferredProjectObjectVersion = 77;
			productRefGroup = 0AF0D09C2ECBFBDF00E1DF21 /* Products */;
			projectDirPath = "";
			projectRoot = "";
			targets = (
				0AF0D09A2ECBFBDF00E1DF21 /* discar */,
				0AF0D0A72ECBFBDF00E1DF21 /* discarTests */,
				0AF0D0B12ECBFBDF00E1DF21 /* discarUITests */,
				0A959BDC2ED3FDDE0088DC23 /* discarWatch Watch App */,
				0A959BE82ED3FDDF0088DC23 /* discarWatch Watch AppTests */,
				0A959BF22ED3FDDF0088DC23 /* discarWatch Watch AppUITests */,
			);
		};
/* End PBXProject section */

/* Begin PBXResourcesBuildPhase section */
		0A959BDB2ED3FDDE0088DC23 /* Resources */ = {
			isa = PBXResourcesBuildPhase;
			buildActionMask = 2147483647;
			files = (
			);
			runOnlyForDeploymentPostprocessing = 0;
		};
		0A959BE72ED3FDDF0088DC23 /* Resources */ = {
			isa = PBXResourcesBuildPhase;
			buildActionMask = 2147483647;
			files = (
			);
			runOnlyForDeploymentPostprocessing = 0;
		};
		0A959BF12ED3FDDF0088DC23 /* Resources */ = {
			isa = PBXResourcesBuildPhase;
			buildActionMask = 2147483647;
			files = (
			);
			runOnlyForDeploymentPostprocessing = 0;
		};
		0AF0D0992ECBFBDF00E1DF21 /* Resources */ = {
			isa = PBXResourcesBuildPhase;
			buildActionMask = 2147483647;
			files = (
			);
			runOnlyForDeploymentPostprocessing = 0;
		};
		0AF0D0A62ECBFBDF00E1DF21 /* Resources */ = {
			isa = PBXResourcesBuildPhase;
			buildActionMask = 2147483647;
			files = (
			);
			runOnlyForDeploymentPostprocessing = 0;
		};
		0AF0D0B02ECBFBDF00E1DF21 /* Resources */ = {
			isa = PBXResourcesBuildPhase;
			buildActionMask = 2147483647;
			files = (
			);
			runOnlyForDeploymentPostprocessing = 0;
		};
/* End PBXResourcesBuildPhase section */

/* Begin PBXSourcesBuildPhase section */
		0A959BD92ED3FDDE0088DC23 /* Sources */ = {
			isa = PBXSourcesBuildPhase;
			buildActionMask = 2147483647;
			files = (
			);
			runOnlyForDeploymentPostprocessing = 0;
		};
		0A959BE52ED3FDDF0088DC23 /* Sources */ = {
			isa = PBXSourcesBuildPhase;
			buildActionMask = 2147483647;
			files = (
			);
			runOnlyForDeploymentPostprocessing = 0;
		};
		0A959BEF2ED3FDDF0088DC23 /* Sources */ = {
			isa = PBXSourcesBuildPhase;
			buildActionMask = 2147483647;
			files = (
			);
			runOnlyForDeploymentPostprocessing = 0;
		};
		0AF0D0972ECBFBDF00E1DF21 /* Sources */ = {
			isa = PBXSourcesBuildPhase;
			buildActionMask = 2147483647;
			files = (
			);
			runOnlyForDeploymentPostprocessing = 0;
		};
		0AF0D0A42ECBFBDF00E1DF21 /* Sources */ = {
			isa = PBXSourcesBuildPhase;
			buildActionMask = 2147483647;
			files = (
			);
			runOnlyForDeploymentPostprocessing = 0;
		};
		0AF0D0AE2ECBFBDF00E1DF21 /* Sources */ = {
			isa = PBXSourcesBuildPhase;
			buildActionMask = 2147483647;
			files = (
			);
			runOnlyForDeploymentPostprocessing = 0;
		};
/* End PBXSourcesBuildPhase section */

/* Begin PBXTargetDependency section */
		0A959BEB2ED3FDDF0088DC23 /* PBXTargetDependency */ = {
			isa = PBXTargetDependency;
			target = 0A959BDC2ED3FDDE0088DC23 /* discarWatch Watch App */;
			targetProxy = 0A959BEA2ED3FDDF0088DC23 /* PBXContainerItemProxy */;
		};
		0A959BF52ED3FDDF0088DC23 /* PBXTargetDependency */ = {
			isa = PBXTargetDependency;
			target = 0A959BDC2ED3FDDE0088DC23 /* discarWatch Watch App */;
			targetProxy = 0A959BF42ED3FDDF0088DC23 /* PBXContainerItemProxy */;
		};
		0A959BFC2ED3FDDF0088DC23 /* PBXTargetDependency */ = {
			isa = PBXTargetDependency;
			target = 0A959BDC2ED3FDDE0088DC23 /* discarWatch Watch App */;
			targetProxy = 0A959BFB2ED3FDDF0088DC23 /* PBXContainerItemProxy */;
		};
		0AF0D0AA2ECBFBDF00E1DF21 /* PBXTargetDependency */ = {
			isa = PBXTargetDependency;
			target = 0AF0D09A2ECBFBDF00E1DF21 /* discar */;
			targetProxy = 0AF0D0A92ECBFBDF00E1DF21 /* PBXContainerItemProxy */;
		};
		0AF0D0B42ECBFBDF00E1DF21 /* PBXTargetDependency */ = {
			isa = PBXTargetDependency;
			target = 0AF0D09A2ECBFBDF00E1DF21 /* discar */;
			targetProxy = 0AF0D0B32ECBFBDF00E1DF21 /* PBXContainerItemProxy */;
		};
/* End PBXTargetDependency section */

/* Begin XCBuildConfiguration section */
		0A959BFF2ED3FDDF0088DC23 /* Debug */ = {
			isa = XCBuildConfiguration;
			buildSettings = {
				ASSETCATALOG_COMPILER_APPICON_NAME = AppIcon;
				ASSETCATALOG_COMPILER_GLOBAL_ACCENT_COLOR_NAME = AccentColor;
				CODE_SIGN_ENTITLEMENTS = "discarWatch Watch App/discarWatch Watch App.entitlements";
				CODE_SIGN_STYLE = Automatic;
				CURRENT_PROJECT_VERSION = 1;
				DEVELOPMENT_TEAM = J7X9ZS975L;
				ENABLE_PREVIEWS = YES;
				GENERATE_INFOPLIST_FILE = YES;
				INFOPLIST_FILE = "";
				INFOPLIST_KEY_CFBundleDisplayName = discarWatch;
				INFOPLIST_KEY_LSApplicationCategoryType = "";
				INFOPLIST_KEY_NSHealthClinicalHealthRecordsShareUsageDescription = "For sensor data";
				INFOPLIST_KEY_NSHealthShareUsageDescription = "We need access to your blood oxygen data to monitor your physiological state during recording";
				INFOPLIST_KEY_NSHealthUpdateUsageDescription = "Only required if you are writing data to HealthKit, but good practice to include if you track workouts.";
				INFOPLIST_KEY_NSLocationWhenInUseUsageDescription = "Need Location Data";
				INFOPLIST_KEY_NSMotionUsageDescription = "Need motion data";
				INFOPLIST_KEY_UISupportedInterfaceOrientations = "UIInterfaceOrientationPortrait UIInterfaceOrientationPortraitUpsideDown";
				INFOPLIST_KEY_WKCompanionAppBundleIdentifier = com.disnet.discar;
				LD_RUNPATH_SEARCH_PATHS = (
					"$(inherited)",
					"@executable_path/Frameworks",
				);
				MARKETING_VERSION = 1.0;
				PRODUCT_BUNDLE_IDENTIFIER = com.disnet.discar.watchkitapp;
				PRODUCT_NAME = "$(TARGET_NAME)";
				SDKROOT = watchos;
				SKIP_INSTALL = YES;
				STRING_CATALOG_GENERATE_SYMBOLS = YES;
				SWIFT_APPROACHABLE_CONCURRENCY = YES;
				SWIFT_DEFAULT_ACTOR_ISOLATION = MainActor;
				SWIFT_EMIT_LOC_STRINGS = YES;
				SWIFT_UPCOMING_FEATURE_MEMBER_IMPORT_VISIBILITY = YES;
				SWIFT_VERSION = 5.0;
				TARGETED_DEVICE_FAMILY = 4;
				WATCHOS_DEPLOYMENT_TARGET = 26.0;
			};
			name = Debug;
		};
		0A959C002ED3FDDF0088DC23 /* Release */ = {
			isa = XCBuildConfiguration;
			buildSettings = {
				ASSETCATALOG_COMPILER_APPICON_NAME = AppIcon;
				ASSETCATALOG_COMPILER_GLOBAL_ACCENT_COLOR_NAME = AccentColor;
				CODE_SIGN_ENTITLEMENTS = "discarWatch Watch App/discarWatch Watch App.entitlements";
				CODE_SIGN_STYLE = Automatic;
				CURRENT_PROJECT_VERSION = 1;
				DEVELOPMENT_TEAM = J7X9ZS975L;
				ENABLE_PREVIEWS = YES;
				GENERATE_INFOPLIST_FILE = YES;
				INFOPLIST_FILE = "";
				INFOPLIST_KEY_CFBundleDisplayName = discarWatch;
				INFOPLIST_KEY_LSApplicationCategoryType = "";
				INFOPLIST_KEY_NSHealthClinicalHealthRecordsShareUsageDescription = "For sensor data";
				INFOPLIST_KEY_NSHealthShareUsageDescription = "We need access to your blood oxygen data to monitor your physiological state during recording";
				INFOPLIST_KEY_NSHealthUpdateUsageDescription = "Only required if you are writing data to HealthKit, but good practice to include if you track workouts.";
				INFOPLIST_KEY_NSLocationWhenInUseUsageDescription = "Need Location Data";
				INFOPLIST_KEY_NSMotionUsageDescription = "Need motion data";
				INFOPLIST_KEY_UISupportedInterfaceOrientations = "UIInterfaceOrientationPortrait UIInterfaceOrientationPortraitUpsideDown";
				INFOPLIST_KEY_WKCompanionAppBundleIdentifier = com.disnet.discar;
				LD_RUNPATH_SEARCH_PATHS = (
					"$(inherited)",
					"@executable_path/Frameworks",
				);
				MARKETING_VERSION = 1.0;
				PRODUCT_BUNDLE_IDENTIFIER = com.disnet.discar.watchkitapp;
				PRODUCT_NAME = "$(TARGET_NAME)";
				SDKROOT = watchos;
				SKIP_INSTALL = YES;
				STRING_CATALOG_GENERATE_SYMBOLS = YES;
				SWIFT_APPROACHABLE_CONCURRENCY = YES;
				SWIFT_DEFAULT_ACTOR_ISOLATION = MainActor;
				SWIFT_EMIT_LOC_STRINGS = YES;
				SWIFT_UPCOMING_FEATURE_MEMBER_IMPORT_VISIBILITY = YES;
				SWIFT_VERSION = 5.0;
				TARGETED_DEVICE_FAMILY = 4;
				WATCHOS_DEPLOYMENT_TARGET = 26.0;
			};
			name = Release;
		};
		0A959C012ED3FDDF0088DC23 /* Debug */ = {
			isa = XCBuildConfiguration;
			buildSettings = {
				BUNDLE_LOADER = "$(TEST_HOST)";
				CODE_SIGN_STYLE = Automatic;
				CURRENT_PROJECT_VERSION = 1;
				DEVELOPMENT_TEAM = J7X9ZS975L;
				GENERATE_INFOPLIST_FILE = YES;
				MARKETING_VERSION = 1.0;
				PRODUCT_BUNDLE_IDENTIFIER = "com.disnet.discarWatch-Watch-AppTests";
				PRODUCT_NAME = "$(TARGET_NAME)";
				SDKROOT = watchos;
				STRING_CATALOG_GENERATE_SYMBOLS = NO;
				SWIFT_APPROACHABLE_CONCURRENCY = YES;
				SWIFT_EMIT_LOC_STRINGS = NO;
				SWIFT_UPCOMING_FEATURE_MEMBER_IMPORT_VISIBILITY = YES;
				SWIFT_VERSION = 5.0;
				TARGETED_DEVICE_FAMILY = 4;
				TEST_HOST = "$(BUILT_PRODUCTS_DIR)/discarWatch Watch App.app/$(BUNDLE_EXECUTABLE_FOLDER_PATH)/discarWatch Watch App";
				WATCHOS_DEPLOYMENT_TARGET = 26.0;
			};
			name = Debug;
		};
		0A959C022ED3FDDF0088DC23 /* Release */ = {
			isa = XCBuildConfiguration;
			buildSettings = {
				BUNDLE_LOADER = "$(TEST_HOST)";
				CODE_SIGN_STYLE = Automatic;
				CURRENT_PROJECT_VERSION = 1;
				DEVELOPMENT_TEAM = J7X9ZS975L;
				GENERATE_INFOPLIST_FILE = YES;
				MARKETING_VERSION = 1.0;
				PRODUCT_BUNDLE_IDENTIFIER = "com.disnet.discarWatch-Watch-AppTests";
				PRODUCT_NAME = "$(TARGET_NAME)";
				SDKROOT = watchos;
				STRING_CATALOG_GENERATE_SYMBOLS = NO;
				SWIFT_APPROACHABLE_CONCURRENCY = YES;
				SWIFT_EMIT_LOC_STRINGS = NO;
				SWIFT_UPCOMING_FEATURE_MEMBER_IMPORT_VISIBILITY = YES;
				SWIFT_VERSION = 5.0;
				TARGETED_DEVICE_FAMILY = 4;
				TEST_HOST = "$(BUILT_PRODUCTS_DIR)/discarWatch Watch App.app/$(BUNDLE_EXECUTABLE_FOLDER_PATH)/discarWatch Watch App";
				WATCHOS_DEPLOYMENT_TARGET = 26.0;
			};
			name = Release;
		};
		0A959C032ED3FDDF0088DC23 /* Debug */ = {
			isa = XCBuildConfiguration;
			buildSettings = {
				CODE_SIGN_STYLE = Automatic;
				CURRENT_PROJECT_VERSION = 1;
				DEVELOPMENT_TEAM = J7X9ZS975L;
				GENERATE_INFOPLIST_FILE = YES;
				MARKETING_VERSION = 1.0;
				PRODUCT_BUNDLE_IDENTIFIER = "com.disnet.discarWatch-Watch-AppUITests";
				PRODUCT_NAME = "$(TARGET_NAME)";
				SDKROOT = watchos;
				STRING_CATALOG_GENERATE_SYMBOLS = NO;
				SWIFT_APPROACHABLE_CONCURRENCY = YES;
				SWIFT_EMIT_LOC_STRINGS = NO;
				SWIFT_UPCOMING_FEATURE_MEMBER_IMPORT_VISIBILITY = YES;
				SWIFT_VERSION = 5.0;
				TARGETED_DEVICE_FAMILY = 4;
				TEST_TARGET_NAME = "discarWatch Watch App";
				WATCHOS_DEPLOYMENT_TARGET = 26.0;
			};
			name = Debug;
		};
		0A959C042ED3FDDF0088DC23 /* Release */ = {
			isa = XCBuildConfiguration;
			buildSettings = {
				CODE_SIGN_STYLE = Automatic;
				CURRENT_PROJECT_VERSION = 1;
				DEVELOPMENT_TEAM = J7X9ZS975L;
				GENERATE_INFOPLIST_FILE = YES;
				MARKETING_VERSION = 1.0;
				PRODUCT_BUNDLE_IDENTIFIER = "com.disnet.discarWatch-Watch-AppUITests";
				PRODUCT_NAME = "$(TARGET_NAME)";
				SDKROOT = watchos;
				STRING_CATALOG_GENERATE_SYMBOLS = NO;
				SWIFT_APPROACHABLE_CONCURRENCY = YES;
				SWIFT_EMIT_LOC_STRINGS = NO;
				SWIFT_UPCOMING_FEATURE_MEMBER_IMPORT_VISIBILITY = YES;
				SWIFT_VERSION = 5.0;
				TARGETED_DEVICE_FAMILY = 4;
				TEST_TARGET_NAME = "discarWatch Watch App";
				WATCHOS_DEPLOYMENT_TARGET = 26.0;
			};
			name = Release;
		};
		0AF0D0BA2ECBFBDF00E1DF21 /* Debug */ = {
			isa = XCBuildConfiguration;
			buildSettings = {
				ALWAYS_SEARCH_USER_PATHS = NO;
				ASSETCATALOG_COMPILER_GENERATE_SWIFT_ASSET_SYMBOL_EXTENSIONS = YES;
				CLANG_ANALYZER_NONNULL = YES;
				CLANG_ANALYZER_NUMBER_OBJECT_CONVERSION = YES_AGGRESSIVE;
				CLANG_CXX_LANGUAGE_STANDARD = "gnu++20";
				CLANG_ENABLE_MODULES = YES;
				CLANG_ENABLE_OBJC_ARC = YES;
				CLANG_ENABLE_OBJC_WEAK = YES;
				CLANG_WARN_BLOCK_CAPTURE_AUTORELEASING = YES;
				CLANG_WARN_BOOL_CONVERSION = YES;
				CLANG_WARN_COMMA = YES;
				CLANG_WARN_CONSTANT_CONVERSION = YES;
				CLANG_WARN_DEPRECATED_OBJC_IMPLEMENTATIONS = YES;
				CLANG_WARN_DIRECT_OBJC_ISA_USAGE = YES_ERROR;
				CLANG_WARN_DOCUMENTATION_COMMENTS = YES;
				CLANG_WARN_EMPTY_BODY = YES;
				CLANG_WARN_ENUM_CONVERSION = YES;
				CLANG_WARN_INFINITE_RECURSION = YES;
				CLANG_WARN_INT_CONVERSION = YES;
				CLANG_WARN_NON_LITERAL_NULL_CONVERSION = YES;
				CLANG_WARN_OBJC_IMPLICIT_RETAIN_SELF = YES;
				CLANG_WARN_OBJC_LITERAL_CONVERSION = YES;
				CLANG_WARN_OBJC_ROOT_CLASS = YES_ERROR;
				CLANG_WARN_QUOTED_INCLUDE_IN_FRAMEWORK_HEADER = YES;
				CLANG_WARN_RANGE_LOOP_ANALYSIS = YES;
				CLANG_WARN_STRICT_PROTOTYPES = YES;
				CLANG_WARN_SUSPICIOUS_MOVE = YES;
				CLANG_WARN_UNGUARDED_AVAILABILITY = YES_AGGRESSIVE;
				CLANG_WARN_UNREACHABLE_CODE = YES;
				CLANG_WARN__DUPLICATE_METHOD_MATCH = YES;
				COPY_PHASE_STRIP = NO;
				DEBUG_INFORMATION_FORMAT = dwarf;
				DEVELOPMENT_TEAM = J7X9ZS975L;
				ENABLE_STRICT_OBJC_MSGSEND = YES;
				ENABLE_TESTABILITY = YES;
				ENABLE_USER_SCRIPT_SANDBOXING = YES;
				GCC_C_LANGUAGE_STANDARD = gnu17;
				GCC_DYNAMIC_NO_PIC = NO;
				GCC_NO_COMMON_BLOCKS = YES;
				GCC_OPTIMIZATION_LEVEL = 0;
				GCC_PREPROCESSOR_DEFINITIONS = (
					"DEBUG=1",
					"$(inherited)",
				);
				GCC_WARN_64_TO_32_BIT_CONVERSION = YES;
				GCC_WARN_ABOUT_RETURN_TYPE = YES_ERROR;
				GCC_WARN_UNDECLARED_SELECTOR = YES;
				GCC_WARN_UNINITIALIZED_AUTOS = YES_AGGRESSIVE;
				GCC_WARN_UNUSED_FUNCTION = YES;
				GCC_WARN_UNUSED_VARIABLE = YES;
				IPHONEOS_DEPLOYMENT_TARGET = 26.0;
				LOCALIZATION_PREFERS_STRING_CATALOGS = YES;
				MTL_ENABLE_DEBUG_INFO = INCLUDE_SOURCE;
				MTL_FAST_MATH = YES;
				ONLY_ACTIVE_ARCH = YES;
				SDKROOT = iphoneos;
				SWIFT_ACTIVE_COMPILATION_CONDITIONS = "DEBUG $(inherited)";
				SWIFT_OPTIMIZATION_LEVEL = "-Onone";
			};
			name = Debug;
		};
		0AF0D0BB2ECBFBDF00E1DF21 /* Release */ = {
			isa = XCBuildConfiguration;
			buildSettings = {
				ALWAYS_SEARCH_USER_PATHS = NO;
				ASSETCATALOG_COMPILER_GENERATE_SWIFT_ASSET_SYMBOL_EXTENSIONS = YES;
				CLANG_ANALYZER_NONNULL = YES;
				CLANG_ANALYZER_NUMBER_OBJECT_CONVERSION = YES_AGGRESSIVE;
				CLANG_CXX_LANGUAGE_STANDARD = "gnu++20";
				CLANG_ENABLE_MODULES = YES;
				CLANG_ENABLE_OBJC_ARC = YES;
				CLANG_ENABLE_OBJC_WEAK = YES;
				CLANG_WARN_BLOCK_CAPTURE_AUTORELEASING = YES;
				CLANG_WARN_BOOL_CONVERSION = YES;
				CLANG_WARN_COMMA = YES;
				CLANG_WARN_CONSTANT_CONVERSION = YES;
				CLANG_WARN_DEPRECATED_OBJC_IMPLEMENTATIONS = YES;
				CLANG_WARN_DIRECT_OBJC_ISA_USAGE = YES_ERROR;
				CLANG_WARN_DOCUMENTATION_COMMENTS = YES;
				CLANG_WARN_EMPTY_BODY = YES;
				CLANG_WARN_ENUM_CONVERSION = YES;
				CLANG_WARN_INFINITE_RECURSION = YES;
				CLANG_WARN_INT_CONVERSION = YES;
				CLANG_WARN_NON_LITERAL_NULL_CONVERSION = YES;
				CLANG_WARN_OBJC_IMPLICIT_RETAIN_SELF = YES;
				CLANG_WARN_OBJC_LITERAL_CONVERSION = YES;
				CLANG_WARN_OBJC_ROOT_CLASS = YES_ERROR;
				CLANG_WARN_QUOTED_INCLUDE_IN_FRAMEWORK_HEADER = YES;
				CLANG_WARN_RANGE_LOOP_ANALYSIS = YES;
				CLANG_WARN_STRICT_PROTOTYPES = YES;
				CLANG_WARN_SUSPICIOUS_MOVE = YES;
				CLANG_WARN_UNGUARDED_AVAILABILITY = YES_AGGRESSIVE;
				CLANG_WARN_UNREACHABLE_CODE = YES;
				CLANG_WARN__DUPLICATE_METHOD_MATCH = YES;
				COPY_PHASE_STRIP = NO;
				DEBUG_INFORMATION_FORMAT = "dwarf-with-dsym";
				DEVELOPMENT_TEAM = J7X9ZS975L;
				ENABLE_NS_ASSERTIONS = NO;
				ENABLE_STRICT_OBJC_MSGSEND = YES;
				ENABLE_USER_SCRIPT_SANDBOXING = YES;
				GCC_C_LANGUAGE_STANDARD = gnu17;
				GCC_NO_COMMON_BLOCKS = YES;
				GCC_WARN_64_TO_32_BIT_CONVERSION = YES;
				GCC_WARN_ABOUT_RETURN_TYPE = YES_ERROR;
				GCC_WARN_UNDECLARED_SELECTOR = YES;
				GCC_WARN_UNINITIALIZED_AUTOS = YES_AGGRESSIVE;
				GCC_WARN_UNUSED_FUNCTION = YES;
				GCC_WARN_UNUSED_VARIABLE = YES;
				IPHONEOS_DEPLOYMENT_TARGET = 26.0;
				LOCALIZATION_PREFERS_STRING_CATALOGS = YES;
				MTL_ENABLE_DEBUG_INFO = NO;
				MTL_FAST_MATH = YES;
				SDKROOT = iphoneos;
				SWIFT_COMPILATION_MODE = wholemodule;
				VALIDATE_PRODUCT = YES;
			};
			name = Release;
		};
		0AF0D0BD2ECBFBDF00E1DF21 /* Debug */ = {
			isa = XCBuildConfiguration;
			buildSettings = {
				ASSETCATALOG_COMPILER_APPICON_NAME = AppIcon;
				ASSETCATALOG_COMPILER_GLOBAL_ACCENT_COLOR_NAME = AccentColor;
				ASSETCATALOG_COMPILER_INCLUDE_ALL_APPICON_ASSETS = YES;
				CODE_SIGN_IDENTITY = "Apple Development";
				CODE_SIGN_STYLE = Automatic;
				CURRENT_PROJECT_VERSION = 1;
				DEVELOPMENT_TEAM = J7X9ZS975L;
				ENABLE_PREVIEWS = YES;
				GENERATE_INFOPLIST_FILE = YES;
				INFOPLIST_FILE = discar/Info.plist;
				INFOPLIST_KEY_CFBundleDisplayName = "";
				INFOPLIST_KEY_LSApplicationCategoryType = "";
				INFOPLIST_KEY_LSSupportsOpeningDocumentsInPlace = YES;
				INFOPLIST_KEY_NSLocalNetworkUsageDescription = "Discar uses the local network to check if your Raspberry Pi is online";
				INFOPLIST_KEY_NSLocationAlwaysAndWhenInUseUsageDescription = "We need location access to record GPS data during your sessions.";
				INFOPLIST_KEY_NSLocationWhenInUseUsageDescription = "We need location access to record GPS data during your sessions.";
				INFOPLIST_KEY_NSMotionUsageDescription = "We need motion sensor access to record accelerometer and gyroscope data during your sessions.";
				INFOPLIST_KEY_UIApplicationSceneManifest_Generation = YES;
				INFOPLIST_KEY_UIApplicationSupportsIndirectInputEvents = YES;
				INFOPLIST_KEY_UILaunchScreen_Generation = YES;
				INFOPLIST_KEY_UISupportedInterfaceOrientations_iPad = "UIInterfaceOrientationPortrait UIInterfaceOrientationPortraitUpsideDown UIInterfaceOrientationLandscapeLeft UIInterfaceOrientationLandscapeRight";
				INFOPLIST_KEY_UISupportedInterfaceOrientations_iPhone = "UIInterfaceOrientationPortrait UIInterfaceOrientationLandscapeLeft UIInterfaceOrientationLandscapeRight";
				LD_RUNPATH_SEARCH_PATHS = (
					"$(inherited)",
					"@executable_path/Frameworks",
				);
				MARKETING_VERSION = 1.2;
				PRODUCT_BUNDLE_IDENTIFIER = com.disnet.discar;
				PRODUCT_NAME = "$(TARGET_NAME)";
				PROVISIONING_PROFILE_SPECIFIER = "";
				STRING_CATALOG_GENERATE_SYMBOLS = YES;
				SWIFT_APPROACHABLE_CONCURRENCY = YES;
				SWIFT_DEFAULT_ACTOR_ISOLATION = MainActor;
				SWIFT_EMIT_LOC_STRINGS = YES;
				SWIFT_UPCOMING_FEATURE_MEMBER_IMPORT_VISIBILITY = YES;
				SWIFT_VERSION = 5.0;
				TARGETED_DEVICE_FAMILY = "1,2";
			};
			name = Debug;
		};
		0AF0D0BE2ECBFBDF00E1DF21 /* Release */ = {
			isa = XCBuildConfiguration;
			buildSettings = {
				ASSETCATALOG_COMPILER_APPICON_NAME = AppIcon;
				ASSETCATALOG_COMPILER_GLOBAL_ACCENT_COLOR_NAME = AccentColor;
				ASSETCATALOG_COMPILER_INCLUDE_ALL_APPICON_ASSETS = YES;
				CODE_SIGN_IDENTITY = "Apple Development";
				CODE_SIGN_STYLE = Automatic;
				CURRENT_PROJECT_VERSION = 1;
				DEVELOPMENT_TEAM = J7X9ZS975L;
				ENABLE_PREVIEWS = YES;
				GENERATE_INFOPLIST_FILE = YES;
				INFOPLIST_FILE = discar/Info.plist;
				INFOPLIST_KEY_CFBundleDisplayName = "";
				INFOPLIST_KEY_LSApplicationCategoryType = "";
				INFOPLIST_KEY_LSSupportsOpeningDocumentsInPlace = YES;
				INFOPLIST_KEY_NSLocalNetworkUsageDescription = "Discar uses the local network to check if your Raspberry Pi is online";
				INFOPLIST_KEY_NSLocationAlwaysAndWhenInUseUsageDescription = "We need location access to record GPS data during your sessions.";
				INFOPLIST_KEY_NSLocationWhenInUseUsageDescription = "We need location access to record GPS data during your sessions.";
				INFOPLIST_KEY_NSMotionUsageDescription = "We need motion sensor access to record accelerometer and gyroscope data during your sessions.";
				INFOPLIST_KEY_UIApplicationSceneManifest_Generation = YES;
				INFOPLIST_KEY_UIApplicationSupportsIndirectInputEvents = YES;
				INFOPLIST_KEY_UILaunchScreen_Generation = YES;
				INFOPLIST_KEY_UISupportedInterfaceOrientations_iPad = "UIInterfaceOrientationPortrait UIInterfaceOrientationPortraitUpsideDown UIInterfaceOrientationLandscapeLeft UIInterfaceOrientationLandscapeRight";
				INFOPLIST_KEY_UISupportedInterfaceOrientations_iPhone = "UIInterfaceOrientationPortrait UIInterfaceOrientationLandscapeLeft UIInterfaceOrientationLandscapeRight";
				LD_RUNPATH_SEARCH_PATHS = (
					"$(inherited)",
					"@executable_path/Frameworks",
				);
				MARKETING_VERSION = 1.2;
				PRODUCT_BUNDLE_IDENTIFIER = com.disnet.discar;
				PRODUCT_NAME = "$(TARGET_NAME)";
				PROVISIONING_PROFILE_SPECIFIER = "";
				STRING_CATALOG_GENERATE_SYMBOLS = YES;
				SWIFT_APPROACHABLE_CONCURRENCY = YES;
				SWIFT_DEFAULT_ACTOR_ISOLATION = MainActor;
				SWIFT_EMIT_LOC_STRINGS = YES;
				SWIFT_UPCOMING_FEATURE_MEMBER_IMPORT_VISIBILITY = YES;
				SWIFT_VERSION = 5.0;
				TARGETED_DEVICE_FAMILY = "1,2";
			};
			name = Release;
		};
		0AF0D0C02ECBFBDF00E1DF21 /* Debug */ = {
			isa = XCBuildConfiguration;
			buildSettings = {
				BUNDLE_LOADER = "$(TEST_HOST)";
				CODE_SIGN_STYLE = Automatic;
				CURRENT_PROJECT_VERSION = 1;
				DEVELOPMENT_TEAM = J7X9ZS975L;
				GENERATE_INFOPLIST_FILE = YES;
				IPHONEOS_DEPLOYMENT_TARGET = 26.0;
				MARKETING_VERSION = 1.0;
				PRODUCT_BUNDLE_IDENTIFIER = com.disnet.discarTests;
				PRODUCT_NAME = "$(TARGET_NAME)";
				STRING_CATALOG_GENERATE_SYMBOLS = NO;
				SWIFT_APPROACHABLE_CONCURRENCY = YES;
				SWIFT_EMIT_LOC_STRINGS = NO;
				SWIFT_UPCOMING_FEATURE_MEMBER_IMPORT_VISIBILITY = YES;
				SWIFT_VERSION = 5.0;
				TARGETED_DEVICE_FAMILY = "1,2";
				TEST_HOST = "$(BUILT_PRODUCTS_DIR)/discar.app/$(BUNDLE_EXECUTABLE_FOLDER_PATH)/discar";
			};
			name = Debug;
		};
		0AF0D0C12ECBFBDF00E1DF21 /* Release */ = {
			isa = XCBuildConfiguration;
			buildSettings = {
				BUNDLE_LOADER = "$(TEST_HOST)";
				CODE_SIGN_STYLE = Automatic;
				CURRENT_PROJECT_VERSION = 1;
				DEVELOPMENT_TEAM = J7X9ZS975L;
				GENERATE_INFOPLIST_FILE = YES;
				IPHONEOS_DEPLOYMENT_TARGET = 26.0;
				MARKETING_VERSION = 1.0;
				PRODUCT_BUNDLE_IDENTIFIER = com.disnet.discarTests;
				PRODUCT_NAME = "$(TARGET_NAME)";
				STRING_CATALOG_GENERATE_SYMBOLS = NO;
				SWIFT_APPROACHABLE_CONCURRENCY = YES;
				SWIFT_EMIT_LOC_STRINGS = NO;
				SWIFT_UPCOMING_FEATURE_MEMBER_IMPORT_VISIBILITY = YES;
				SWIFT_VERSION = 5.0;
				TARGETED_DEVICE_FAMILY = "1,2";
				TEST_HOST = "$(BUILT_PRODUCTS_DIR)/discar.app/$(BUNDLE_EXECUTABLE_FOLDER_PATH)/discar";
			};
			name = Release;
		};
		0AF0D0C32ECBFBDF00E1DF21 /* Debug */ = {
			isa = XCBuildConfiguration;
			buildSettings = {
				CODE_SIGN_STYLE = Automatic;
				CURRENT_PROJECT_VERSION = 1;
				DEVELOPMENT_TEAM = J7X9ZS975L;
				GENERATE_INFOPLIST_FILE = YES;
				MARKETING_VERSION = 1.0;
				PRODUCT_BUNDLE_IDENTIFIER = com.disnet.discarUITests;
				PRODUCT_NAME = "$(TARGET_NAME)";
				STRING_CATALOG_GENERATE_SYMBOLS = NO;
				SWIFT_APPROACHABLE_CONCURRENCY = YES;
				SWIFT_EMIT_LOC_STRINGS = NO;
				SWIFT_UPCOMING_FEATURE_MEMBER_IMPORT_VISIBILITY = YES;
				SWIFT_VERSION = 5.0;
				TARGETED_DEVICE_FAMILY = "1,2";
				TEST_TARGET_NAME = discar;
			};
			name = Debug;
		};
		0AF0D0C42ECBFBDF00E1DF21 /* Release */ = {
			isa = XCBuildConfiguration;
			buildSettings = {
				CODE_SIGN_STYLE = Automatic;
				CURRENT_PROJECT_VERSION = 1;
				DEVELOPMENT_TEAM = J7X9ZS975L;
				GENERATE_INFOPLIST_FILE = YES;
				MARKETING_VERSION = 1.0;
				PRODUCT_BUNDLE_IDENTIFIER = com.disnet.discarUITests;
				PRODUCT_NAME = "$(TARGET_NAME)";
				STRING_CATALOG_GENERATE_SYMBOLS = NO;
				SWIFT_APPROACHABLE_CONCURRENCY = YES;
				SWIFT_EMIT_LOC_STRINGS = NO;
				SWIFT_UPCOMING_FEATURE_MEMBER_IMPORT_VISIBILITY = YES;
				SWIFT_VERSION = 5.0;
				TARGETED_DEVICE_FAMILY = "1,2";
				TEST_TARGET_NAME = discar;
			};
			name = Release;
		};
/* End XCBuildConfiguration section */

/* Begin XCConfigurationList section */
		0A959C052ED3FDDF0088DC23 /* Build configuration list for PBXNativeTarget "discarWatch Watch App" */ = {
			isa = XCConfigurationList;
			buildConfigurations = (
				0A959BFF2ED3FDDF0088DC23 /* Debug */,
				0A959C002ED3FDDF0088DC23 /* Release */,
			);
			defaultConfigurationIsVisible = 0;
			defaultConfigurationName = Release;
		};
		0A959C062ED3FDDF0088DC23 /* Build configuration list for PBXNativeTarget "discarWatch Watch AppTests" */ = {
			isa = XCConfigurationList;
			buildConfigurations = (
				0A959C012ED3FDDF0088DC23 /* Debug */,
				0A959C022ED3FDDF0088DC23 /* Release */,
			);
			defaultConfigurationIsVisible = 0;
			defaultConfigurationName = Release;
		};
		0A959C072ED3FDDF0088DC23 /* Build configuration list for PBXNativeTarget "discarWatch Watch AppUITests" */ = {
			isa = XCConfigurationList;
			buildConfigurations = (
				0A959C032ED3FDDF0088DC23 /* Debug */,
				0A959C042ED3FDDF0088DC23 /* Release */,
			);
			defaultConfigurationIsVisible = 0;
			defaultConfigurationName = Release;
		};
		0AF0D0962ECBFBDF00E1DF21 /* Build configuration list for PBXProject "discar" */ = {
			isa = XCConfigurationList;
			buildConfigurations = (
				0AF0D0BA2ECBFBDF00E1DF21 /* Debug */,
				0AF0D0BB2ECBFBDF00E1DF21 /* Release */,
			);
			defaultConfigurationIsVisible = 0;
			defaultConfigurationName = Release;
		};
		0AF0D0BC2ECBFBDF00E1DF21 /* Build configuration list for PBXNativeTarget "discar" */ = {
			isa = XCConfigurationList;
			buildConfigurations = (
				0AF0D0BD2ECBFBDF00E1DF21 /* Debug */,
				0AF0D0BE2ECBFBDF00E1DF21 /* Release */,
			);
			defaultConfigurationIsVisible = 0;
			defaultConfigurationName = Release;
		};
		0AF0D0BF2ECBFBDF00E1DF21 /* Build configuration list for PBXNativeTarget "discarTests" */ = {
			isa = XCConfigurationList;
			buildConfigurations = (
				0AF0D0C02ECBFBDF00E1DF21 /* Debug */,
				0AF0D0C12ECBFBDF00E1DF21 /* Release */,
			);
			defaultConfigurationIsVisible = 0;
			defaultConfigurationName = Release;
		};
		0AF0D0C22ECBFBDF00E1DF21 /* Build configuration list for PBXNativeTarget "discarUITests" */ = {
			isa = XCConfigurationList;
			buildConfigurations = (
				0AF0D0C32ECBFBDF00E1DF21 /* Debug */,
				0AF0D0C42ECBFBDF00E1DF21 /* Release */,
			);
			defaultConfigurationIsVisible = 0;
			defaultConfigurationName = Release;
		};
/* End XCConfigurationList section */
	};
	rootObject = 0AF0D0932ECBFBDF00E1DF21 /* Project object */;
}
